
Microsoft Visual Studio Solution File, Format Version 12.00
Project("{FAE04EC0-301F-11D3-BF4B-00C04F79EFBC}") = "PushYourLimits.Domain", "PushYourLimits.Domain\PushYourLimits.Domain.csproj", "{3B498021-373E-4E78-9BEE-311373667BA2}"
EndProject
Project("{FAE04EC0-301F-11D3-BF4B-00C04F79EFBC}") = "PushYourLimits.API", "PushYourLimits.API\PushYourLimits.API.csproj", "{C087695E-9209-403E-B4EA-6ADEC5E69A71}"
EndProject
Project("{FAE04EC0-301F-11D3-BF4B-00C04F79EFBC}") = "PushYourLimits.Application", "PushYourLimits.Application\PushYourLimits.Application.csproj", "{A19168F5-8B9C-49B8-B58E-0A0A74C81394}"
EndProject
Project("{FAE04EC0-301F-11D3-BF4B-00C04F79EFBC}") = "PushYourLimits.Infrastructure", "PushYourLimits.Infrastructure\PushYourLimits.Infrastructure.csproj", "{92171D06-BCF0-4E90-8792-CCF93F52F11B}"
EndProject
Project("{FAE04EC0-301F-11D3-BF4B-00C04F79EFBC}") = "PushYourLimits.Tests", "PushYourLimits.Tests\PushYourLimits.Tests.csproj", "{98418B5C-BD84-40AB-8B6C-FCBE713A17B6}"
EndProject
Global
	GlobalSection(SolutionConfigurationPlatforms) = preSolution
		Debug|Any CPU = Debug|Any CPU
		Release|Any CPU = Release|Any CPU
	EndGlobalSection
	GlobalSection(ProjectConfigurationPlatforms) = postSolution
		{3B498021-373E-4E78-9BEE-311373667BA2}.Debug|Any CPU.ActiveCfg = Debug|Any CPU
		{3B498021-373E-4E78-9BEE-311373667BA2}.Debug|Any CPU.Build.0 = Debug|Any CPU
		{3B498021-373E-4E78-9BEE-311373667BA2}.Release|Any CPU.ActiveCfg = Release|Any CPU
		{3B498021-373E-4E78-9BEE-311373667BA2}.Release|Any CPU.Build.0 = Release|Any CPU
		{C087695E-9209-403E-B4EA-6ADEC5E69A71}.Debug|Any CPU.ActiveCfg = Debug|Any CPU
		{C087695E-9209-403E-B4EA-6ADEC5E69A71}.Debug|Any CPU.Build.0 = Debug|Any CPU
		{C087695E-9209-403E-B4EA-6ADEC5E69A71}.Release|Any CPU.ActiveCfg = Release|Any CPU
		{C087695E-9209-403E-B4EA-6ADEC5E69A71}.Release|Any CPU.Build.0 = Release|Any CPU
		{A19168F5-8B9C-49B8-B58E-0A0A74C81394}.Debug|Any CPU.ActiveCfg = Debug|Any CPU
		{A19168F5-8B9C-49B8-B58E-0A0A74C81394}.Debug|Any CPU.Build.0 = Debug|Any CPU
		{A19168F5-8B9C-49B8-B58E-0A0A74C81394}.Release|Any CPU.ActiveCfg = Release|Any CPU
		{A19168F5-8B9C-49B8-B58E-0A0A74C81394}.Release|Any CPU.Build.0 = Release|Any CPU
		{92171D06-BCF0-4E90-8792-CCF93F52F11B}.Debug|Any CPU.ActiveCfg = Debug|Any CPU
		{92171D06-BCF0-4E90-8792-CCF93F52F11B}.Debug|Any CPU.Build.0 = Debug|Any CPU
		{92171D06-BCF0-4E90-8792-CCF93F52F11B}.Release|Any CPU.ActiveCfg = Release|Any CPU
		{92171D06-BCF0-4E90-8792-CCF93F52F11B}.Release|Any CPU.Build.0 = Release|Any CPU
		{98418B5C-BD84-40AB-8B6C-FCBE713A17B6}.Debug|Any CPU.ActiveCfg = Debug|Any CPU
		{98418B5C-BD84-40AB-8B6C-FCBE713A17B6}.Debug|Any CPU.Build.0 = Debug|Any CPU
		{98418B5C-BD84-40AB-8B6C-FCBE713A17B6}.Release|Any CPU.ActiveCfg = Release|Any CPU
		{98418B5C-BD84-40AB-8B6C-FCBE713A17B6}.Release|Any CPU.Build.0 = Release|Any CPU
	EndGlobalSection
EndGlobal
